
Microsoft Visual Studio Solution File, Format Version 12.00
# Visual Studio Version 16
VisualStudioVersion = 16.0.36324.18
MinimumVisualStudioVersion = 10.0.40219.1
Project("{FAE04EC0-301F-11D3-BF4B-00C04F79EFBC}") = "Ticket App Service", "Ticket App Service\Ticket App Service.csproj", "{43597E94-32BE-453E-A709-B92281D12C67}"
EndProject
Global
	GlobalSection(SolutionConfigurationPlatforms) = preSolution
		Debug|Any CPU = Debug|Any CPU
		Release|Any CPU = Release|Any CPU
	EndGlobalSection
	GlobalSection(ProjectConfigurationPlatforms) = postSolution
		{43597E94-32BE-453E-A709-B92281D12C67}.Debug|Any CPU.ActiveCfg = Debug|Any CPU
		{43597E94-32BE-453E-A709-B92281D12C67}.Debug|Any CPU.Build.0 = Debug|Any CPU
		{43597E94-32BE-453E-A709-B92281D12C67}.Release|Any CPU.ActiveCfg = Release|Any CPU
		{43597E94-32BE-453E-A709-B92281D12C67}.Release|Any CPU.Build.0 = Release|Any CPU
	EndGlobalSection
	GlobalSection(SolutionProperties) = preSolution
		HideSolutionNode = FALSE
	EndGlobalSection
	GlobalSection(ExtensibilityGlobals) = postSolution
		SolutionGuid = {8D8EA6C0-97F8-4A58-A171-FB05651B392A}
	EndGlobalSection
EndGlobal
